
Microsoft Visual Studio Solution File, Format Version 12.00
# Visual Studio Version 17
VisualStudioVersion = 17.4.33122.133
MinimumVisualStudioVersion = 10.0.40219.1
Project("{FAE04EC0-301F-11D3-BF4B-00C04F79EFBC}") = "Balta.MinimalAPI", "Balta.MinimalAPI\Balta.MinimalAPI.csproj", "{524BEDB4-D187-40F3-9CE9-922BFD2C4454}"
EndProject
Global
	GlobalSection(SolutionConfigurationPlatforms) = preSolution
		Debug|Any CPU = Debug|Any CPU
		Release|Any CPU = Release|Any CPU
	EndGlobalSection
	GlobalSection(ProjectConfigurationPlatforms) = postSolution
		{524BEDB4-D187-40F3-9CE9-922BFD2C4454}.Debug|Any CPU.ActiveCfg = Debug|Any CPU
		{524BEDB4-D187-40F3-9CE9-922BFD2C4454}.Debug|Any CPU.Build.0 = Debug|Any CPU
		{524BEDB4-D187-40F3-9CE9-922BFD2C4454}.Release|Any CPU.ActiveCfg = Release|Any CPU
		{524BEDB4-D187-40F3-9CE9-922BFD2C4454}.Release|Any CPU.Build.0 = Release|Any CPU
	EndGlobalSection
	GlobalSection(SolutionProperties) = preSolution
		HideSolutionNode = FALSE
	EndGlobalSection
	GlobalSection(ExtensibilityGlobals) = postSolution
		SolutionGuid = {479465CB-D05C-465A-AD89-B91B01A1808F}
	EndGlobalSection
EndGlobal
