
Microsoft Visual Studio Solution File, Format Version 12.00
# Visual Studio Version 17
VisualStudioVersion = 17.4.33122.133
MinimumVisualStudioVersion = 10.0.40219.1
Project("{FAE04EC0-301F-11D3-BF4B-00C04F79EFBC}") = "DemoMinimalAPI", "DemoMinimalAPI\DemoMinimalAPI.csproj", "{42D8B370-EE98-4B7E-9833-070C8E2B063C}"
EndProject
Global
	GlobalSection(SolutionConfigurationPlatforms) = preSolution
		Debug|Any CPU = Debug|Any CPU
		Release|Any CPU = Release|Any CPU
	EndGlobalSection
	GlobalSection(ProjectConfigurationPlatforms) = postSolution
		{42D8B370-EE98-4B7E-9833-070C8E2B063C}.Debug|Any CPU.ActiveCfg = Debug|Any CPU
		{42D8B370-EE98-4B7E-9833-070C8E2B063C}.Debug|Any CPU.Build.0 = Debug|Any CPU
		{42D8B370-EE98-4B7E-9833-070C8E2B063C}.Release|Any CPU.ActiveCfg = Release|Any CPU
		{42D8B370-EE98-4B7E-9833-070C8E2B063C}.Release|Any CPU.Build.0 = Release|Any CPU
	EndGlobalSection
	GlobalSection(SolutionProperties) = preSolution
		HideSolutionNode = FALSE
	EndGlobalSection
	GlobalSection(ExtensibilityGlobals) = postSolution
		SolutionGuid = {7D16D818-4910-429F-9533-A04C9BFC32E3}
	EndGlobalSection
EndGlobal
